// !$*UTF8*$!
{
	archiveVersion = 1;
	classes = {
	};
	objectVersion = 50;
	objects = {

/* Begin PBXBuildFile section */
		383D0C452643A5400015B6A3 /* Set_GameApp.swift in Sources */ = {isa = PBXBuildFile; fileRef = 383D0C442643A5400015B6A3 /* Set_GameApp.swift */; };
		383D0C472643A5400015B6A3 /* SetGameView.swift in Sources */ = {isa = PBXBuildFile; fileRef = 383D0C462643A5400015B6A3 /* SetGameView.swift */; };
		383D0C492643A5430015B6A3 /* Assets.xcassets in Resources */ = {isa = PBXBuildFile; fileRef = 383D0C482643A5430015B6A3 /* Assets.xcassets */; };
		383D0C4C2643A5430015B6A3 /* Preview Assets.xcassets in Resources */ = {isa = PBXBuildFile; fileRef = 383D0C4B2643A5430015B6A3 /* Preview Assets.xcassets */; };
		383D0C582643A7680015B6A3 /* README.md in Resources */ = {isa = PBXBuildFile; fileRef = 383D0C572643A7680015B6A3 /* README.md */; };
		383D0C5A2643A7CE0015B6A3 /* SetGame.swift in Sources */ = {isa = PBXBuildFile; fileRef = 383D0C592643A7CE0015B6A3 /* SetGame.swift */; };
		383D0C5C2643A7F80015B6A3 /* SetGameVM.swift in Sources */ = {isa = PBXBuildFile; fileRef = 383D0C5B2643A7F80015B6A3 /* SetGameVM.swift */; };
		383D0C5F2643AF9C0015B6A3 /* Grid.swift in Sources */ = {isa = PBXBuildFile; fileRef = 383D0C5D2643AF9B0015B6A3 /* Grid.swift */; };
		383D0C602643AF9C0015B6A3 /* GridLayout.swift in Sources */ = {isa = PBXBuildFile; fileRef = 383D0C5E2643AF9C0015B6A3 /* GridLayout.swift */; };
		383D0C632643AFBF0015B6A3 /* Array+Identifiable.swift in Sources */ = {isa = PBXBuildFile; fileRef = 383D0C622643AFBF0015B6A3 /* Array+Identifiable.swift */; };
/* End PBXBuildFile section */

/* Begin PBXFileReference section */
		383D0C412643A5400015B6A3 /* Set Game.app */ = {isa = PBXFileReference; explicitFileType = wrapper.application; includeInIndex = 0; path = "Set Game.app"; sourceTree = BUILT_PRODUCTS_DIR; };
		383D0C442643A5400015B6A3 /* Set_GameApp.swift */ = {isa = PBXFileReference; lastKnownFileType = sourcecode.swift; path = Set_GameApp.swift; sourceTree = "<group>"; };
		383D0C462643A5400015B6A3 /* SetGameView.swift */ = {isa = PBXFileReference; lastKnownFileType = sourcecode.swift; path = SetGameView.swift; sourceTree = "<group>"; };
		383D0C482643A5430015B6A3 /* Assets.xcassets */ = {isa = PBXFileReference; lastKnownFileType = folder.assetcatalog; path = Assets.xcassets; sourceTree = "<group>"; };
		383D0C4B2643A5430015B6A3 /* Preview Assets.xcassets */ = {isa = PBXFileReference; lastKnownFileType = folder.assetcatalog; path = "Preview Assets.xcassets"; sourceTree = "<group>"; };
		383D0C4D2643A5430015B6A3 /* Info.plist */ = {isa = PBXFileReference; lastKnownFileType = text.plist.xml; path = Info.plist; sourceTree = "<group>"; };
		383D0C572643A7680015B6A3 /* README.md */ = {isa = PBXFileReference; lastKnownFileType = net.daringfireball.markdown; path = README.md; sourceTree = "<group>"; };
		383D0C592643A7CE0015B6A3 /* SetGame.swift */ = {isa = PBXFileReference; lastKnownFileType = sourcecode.swift; path = SetGame.swift; sourceTree = "<group>"; };
		383D0C5B2643A7F80015B6A3 /* SetGameVM.swift */ = {isa = PBXFileReference; lastKnownFileType = sourcecode.swift; path = SetGameVM.swift; sourceTree = "<group>"; };
		383D0C5D2643AF9B0015B6A3 /* Grid.swift */ = {isa = PBXFileReference; fileEncoding = 4; lastKnownFileType = sourcecode.swift; path = Grid.swift; sourceTree = "<group>"; };
		383D0C5E2643AF9C0015B6A3 /* GridLayout.swift */ = {isa = PBXFileReference; fileEncoding = 4; lastKnownFileType = sourcecode.swift; path = GridLayout.swift; sourceTree = "<group>"; };
		383D0C622643AFBF0015B6A3 /* Array+Identifiable.swift */ = {isa = PBXFileReference; fileEncoding = 4; lastKnownFileType = sourcecode.swift; path = "Array+Identifiable.swift"; sourceTree = "<group>"; };
/* End PBXFileReference section */

/* Begin PBXFrameworksBuildPhase section */
		383D0C3E2643A5400015B6A3 /* Frameworks */ = {
			isa = PBXFrameworksBuildPhase;
			buildActionMask = 2147483647;
			files = (
			);
			runOnlyForDeploymentPostprocessing = 0;
		};
/* End PBXFrameworksBuildPhase section */

/* Begin PBXGroup section */
		383D0C382643A5400015B6A3 = {
			isa = PBXGroup;
			children = (
				383D0C432643A5400015B6A3 /* Set Game */,
				383D0C422643A5400015B6A3 /* Products */,
			);
			sourceTree = "<group>";
		};
		383D0C422643A5400015B6A3 /* Products */ = {
			isa = PBXGroup;
			children = (
				383D0C412643A5400015B6A3 /* Set Game.app */,
			);
			name = Products;
			sourceTree = "<group>";
		};
		383D0C432643A5400015B6A3 /* Set Game */ = {
			isa = PBXGroup;
			children = (
				383D0C612643AFAF0015B6A3 /* utils */,
				383D0C552643A7100015B6A3 /* Views */,
				383D0C542643A6D60015B6A3 /* ViewModel */,
				383D0C532643A6CC0015B6A3 /* Model */,
				383D0C442643A5400015B6A3 /* Set_GameApp.swift */,
				383D0C482643A5430015B6A3 /* Assets.xcassets */,
				383D0C4D2643A5430015B6A3 /* Info.plist */,
				383D0C4A2643A5430015B6A3 /* Preview Content */,
				383D0C572643A7680015B6A3 /* README.md */,
			);
			path = "Set Game";
			sourceTree = "<group>";
		};
		383D0C4A2643A5430015B6A3 /* Preview Content */ = {
			isa = PBXGroup;
			children = (
				383D0C4B2643A5430015B6A3 /* Preview Assets.xcassets */,
			);
			path = "Preview Content";
			sourceTree = "<group>";
		};
		383D0C532643A6CC0015B6A3 /* Model */ = {
			isa = PBXGroup;
			children = (
				383D0C592643A7CE0015B6A3 /* SetGame.swift */,
			);
			path = Model;
			sourceTree = "<group>";
		};
		383D0C542643A6D60015B6A3 /* ViewModel */ = {
			isa = PBXGroup;
			children = (
				383D0C5B2643A7F80015B6A3 /* SetGameVM.swift */,
			);
			path = ViewModel;
			sourceTree = "<group>";
		};
		383D0C552643A7100015B6A3 /* Views */ = {
			isa = PBXGroup;
			children = (
				383D0C562643A73A0015B6A3 /* utils */,
				383D0C462643A5400015B6A3 /* SetGameView.swift */,
			);
			path = Views;
			sourceTree = "<group>";
		};
		383D0C562643A73A0015B6A3 /* utils */ = {
			isa = PBXGroup;
			children = (
				383D0C5D2643AF9B0015B6A3 /* Grid.swift */,
				383D0C5E2643AF9C0015B6A3 /* GridLayout.swift */,
			);
			path = utils;
			sourceTree = "<group>";
		};
		383D0C612643AFAF0015B6A3 /* utils */ = {
			isa = PBXGroup;
			children = (
				383D0C622643AFBF0015B6A3 /* Array+Identifiable.swift */,
			);
			path = utils;
			sourceTree = "<group>";
		};
/* End PBXGroup section */

/* Begin PBXNativeTarget section */
		383D0C402643A5400015B6A3 /* Set Game */ = {
			isa = PBXNativeTarget;
			buildConfigurationList = 383D0C502643A5430015B6A3 /* Build configuration list for PBXNativeTarget "Set Game" */;
			buildPhases = (
				383D0C3D2643A5400015B6A3 /* Sources */,
				383D0C3E2643A5400015B6A3 /* Frameworks */,
				383D0C3F2643A5400015B6A3 /* Resources */,
			);
			buildRules = (
			);
			dependencies = (
			);
			name = "Set Game";
			productName = "Set Game";
			productReference = 383D0C412643A5400015B6A3 /* Set Game.app */;
			productType = "com.apple.product-type.application";
		};
/* End PBXNativeTarget section */

/* Begin PBXProject section */
		383D0C392643A5400015B6A3 /* Project object */ = {
			isa = PBXProject;
			attributes = {
				LastSwiftUpdateCheck = 1250;
				LastUpgradeCheck = 1250;
				TargetAttributes = {
					383D0C402643A5400015B6A3 = {
						CreatedOnToolsVersion = 12.5;
					};
				};
			};
			buildConfigurationList = 383D0C3C2643A5400015B6A3 /* Build configuration list for PBXProject "Set Game" */;
			compatibilityVersion = "Xcode 9.3";
			developmentRegion = en;
			hasScannedForEncodings = 0;
			knownRegions = (
				en,
				Base,
			);
			mainGroup = 383D0C382643A5400015B6A3;
			productRefGroup = 383D0C422643A5400015B6A3 /* Products */;
			projectDirPath = "";
			projectRoot = "";
			targets = (
				383D0C402643A5400015B6A3 /* Set Game */,
			);
		};
/* End PBXProject section */

/* Begin PBXResourcesBuildPhase section */
		383D0C3F2643A5400015B6A3 /* Resources */ = {
			isa = PBXResourcesBuildPhase;
			buildActionMask = 2147483647;
			files = (
				383D0C582643A7680015B6A3 /* README.md in Resources */,
				383D0C4C2643A5430015B6A3 /* Preview Assets.xcassets in Resources */,
				383D0C492643A5430015B6A3 /* Assets.xcassets in Resources */,
			);
			runOnlyForDeploymentPostprocessing = 0;
		};
/* End PBXResourcesBuildPhase section */

/* Begin PBXSourcesBuildPhase section */
		383D0C3D2643A5400015B6A3 /* Sources */ = {
			isa = PBXSourcesBuildPhase;
			buildActionMask = 2147483647;
			files = (
				383D0C472643A5400015B6A3 /* SetGameView.swift in Sources */,
				383D0C5A2643A7CE0015B6A3 /* SetGame.swift in Sources */,
				383D0C452643A5400015B6A3 /* Set_GameApp.swift in Sources */,
				383D0C602643AF9C0015B6A3 /* GridLayout.swift in Sources */,
				383D0C5F2643AF9C0015B6A3 /* Grid.swift in Sources */,
				383D0C632643AFBF0015B6A3 /* Array+Identifiable.swift in Sources */,
				383D0C5C2643A7F80015B6A3 /* SetGameVM.swift in Sources */,
			);
			runOnlyForDeploymentPostprocessing = 0;
		};
/* End PBXSourcesBuildPhase section */

/* Begin XCBuildConfiguration section */
		383D0C4E2643A5430015B6A3 /* Debug */ = {
			isa = XCBuildConfiguration;
			buildSettings = {
				ALWAYS_SEARCH_USER_PATHS = NO;
				CLANG_ANALYZER_NONNULL = YES;
				CLANG_ANALYZER_NUMBER_OBJECT_CONVERSION = YES_AGGRESSIVE;
				CLANG_CXX_LANGUAGE_STANDARD = "gnu++14";
				CLANG_CXX_LIBRARY = "libc++";
				CLANG_ENABLE_MODULES = YES;
				CLANG_ENABLE_OBJC_ARC = YES;
				CLANG_ENABLE_OBJC_WEAK = YES;
				CLANG_WARN_BLOCK_CAPTURE_AUTORELEASING = YES;
				CLANG_WARN_BOOL_CONVERSION = YES;
				CLANG_WARN_COMMA = YES;
				CLANG_WARN_CONSTANT_CONVERSION = YES;
				CLANG_WARN_DEPRECATED_OBJC_IMPLEMENTATIONS = YES;
				CLANG_WARN_DIRECT_OBJC_ISA_USAGE = YES_ERROR;
				CLANG_WARN_DOCUMENTATION_COMMENTS = YES;
				CLANG_WARN_EMPTY_BODY = YES;
				CLANG_WARN_ENUM_CONVERSION = YES;
				CLANG_WARN_INFINITE_RECURSION = YES;
				CLANG_WARN_INT_CONVERSION = YES;
				CLANG_WARN_NON_LITERAL_NULL_CONVERSION = YES;
				CLANG_WARN_OBJC_IMPLICIT_RETAIN_SELF = YES;
				CLANG_WARN_OBJC_LITERAL_CONVERSION = YES;
				CLANG_WARN_OBJC_ROOT_CLASS = YES_ERROR;
				CLANG_WARN_QUOTED_INCLUDE_IN_FRAMEWORK_HEADER = YES;
				CLANG_WARN_RANGE_LOOP_ANALYSIS = YES;
				CLANG_WARN_STRICT_PROTOTYPES = YES;
				CLANG_WARN_SUSPICIOUS_MOVE = YES;
				CLANG_WARN_UNGUARDED_AVAILABILITY = YES_AGGRESSIVE;
				CLANG_WARN_UNREACHABLE_CODE = YES;
				CLANG_WARN__DUPLICATE_METHOD_MATCH = YES;
				COPY_PHASE_STRIP = NO;
				DEBUG_INFORMATION_FORMAT = dwarf;
				ENABLE_STRICT_OBJC_MSGSEND = YES;
				ENABLE_TESTABILITY = YES;
				GCC_C_LANGUAGE_STANDARD = gnu11;
				GCC_DYNAMIC_NO_PIC = NO;
				GCC_NO_COMMON_BLOCKS = YES;
				GCC_OPTIMIZATION_LEVEL = 0;
				GCC_PREPROCESSOR_DEFINITIONS = (
					"DEBUG=1",
					"$(inherited)",
				);
				GCC_WARN_64_TO_32_BIT_CONVERSION = YES;
				GCC_WARN_ABOUT_RETURN_TYPE = YES_ERROR;
				GCC_WARN_UNDECLARED_SELECTOR = YES;
				GCC_WARN_UNINITIALIZED_AUTOS = YES_AGGRESSIVE;
				GCC_WARN_UNUSED_FUNCTION = YES;
				GCC_WARN_UNUSED_VARIABLE = YES;
				IPHONEOS_DEPLOYMENT_TARGET = 14.5;
				MTL_ENABLE_DEBUG_INFO = INCLUDE_SOURCE;
				MTL_FAST_MATH = YES;
				ONLY_ACTIVE_ARCH = YES;
				SDKROOT = iphoneos;
				SWIFT_ACTIVE_COMPILATION_CONDITIONS = DEBUG;
				SWIFT_OPTIMIZATION_LEVEL = "-Onone";
			};
			name = Debug;
		};
		383D0C4F2643A5430015B6A3 /* Release */ = {
			isa = XCBuildConfiguration;
			buildSettings = {
				ALWAYS_SEARCH_USER_PATHS = NO;
				CLANG_ANALYZER_NONNULL = YES;
				CLANG_ANALYZER_NUMBER_OBJECT_CONVERSION = YES_AGGRESSIVE;
				CLANG_CXX_LANGUAGE_STANDARD = "gnu++14";
				CLANG_CXX_LIBRARY = "libc++";
				CLANG_ENABLE_MODULES = YES;
				CLANG_ENABLE_OBJC_ARC = YES;
				CLANG_ENABLE_OBJC_WEAK = YES;
				CLANG_WARN_BLOCK_CAPTURE_AUTORELEASING = YES;
				CLANG_WARN_BOOL_CONVERSION = YES;
				CLANG_WARN_COMMA = YES;
				CLANG_WARN_CONSTANT_CONVERSION = YES;
				CLANG_WARN_DEPRECATED_OBJC_IMPLEMENTATIONS = YES;
				CLANG_WARN_DIRECT_OBJC_ISA_USAGE = YES_ERROR;
				CLANG_WARN_DOCUMENTATION_COMMENTS = YES;
				CLANG_WARN_EMPTY_BODY = YES;
				CLANG_WARN_ENUM_CONVERSION = YES;
				CLANG_WARN_INFINITE_RECURSION = YES;
				CLANG_WARN_INT_CONVERSION = YES;
				CLANG_WARN_NON_LITERAL_NULL_CONVERSION = YES;
				CLANG_WARN_OBJC_IMPLICIT_RETAIN_SELF = YES;
				CLANG_WARN_OBJC_LITERAL_CONVERSION = YES;
				CLANG_WARN_OBJC_ROOT_CLASS = YES_ERROR;
				CLANG_WARN_QUOTED_INCLUDE_IN_FRAMEWORK_HEADER = YES;
				CLANG_WARN_RANGE_LOOP_ANALYSIS = YES;
				CLANG_WARN_STRICT_PROTOTYPES = YES;
				CLANG_WARN_SUSPICIOUS_MOVE = YES;
				CLANG_WARN_UNGUARDED_AVAILABILITY = YES_AGGRESSIVE;
				CLANG_WARN_UNREACHABLE_CODE = YES;
				CLANG_WARN__DUPLICATE_METHOD_MATCH = YES;
				COPY_PHASE_STRIP = NO;
				DEBUG_INFORMATION_FORMAT = "dwarf-with-dsym";
				ENABLE_NS_ASSERTIONS = NO;
				ENABLE_STRICT_OBJC_MSGSEND = YES;
				GCC_C_LANGUAGE_STANDARD = gnu11;
				GCC_NO_COMMON_BLOCKS = YES;
				GCC_WARN_64_TO_32_BIT_CONVERSION = YES;
				GCC_WARN_ABOUT_RETURN_TYPE = YES_ERROR;
				GCC_WARN_UNDECLARED_SELECTOR = YES;
				GCC_WARN_UNINITIALIZED_AUTOS = YES_AGGRESSIVE;
				GCC_WARN_UNUSED_FUNCTION = YES;
				GCC_WARN_UNUSED_VARIABLE = YES;
				IPHONEOS_DEPLOYMENT_TARGET = 14.5;
				MTL_ENABLE_DEBUG_INFO = NO;
				MTL_FAST_MATH = YES;
				SDKROOT = iphoneos;
				SWIFT_COMPILATION_MODE = wholemodule;
				SWIFT_OPTIMIZATION_LEVEL = "-O";
				VALIDATE_PRODUCT = YES;
			};
			name = Release;
		};
		383D0C512643A5430015B6A3 /* Debug */ = {
			isa = XCBuildConfiguration;
			buildSettings = {
				ASSETCATALOG_COMPILER_APPICON_NAME = AppIcon;
				ASSETCATALOG_COMPILER_GLOBAL_ACCENT_COLOR_NAME = AccentColor;
				CODE_SIGN_STYLE = Automatic;
				DEVELOPMENT_ASSET_PATHS = "\"Set Game/Preview Content\"";
				DEVELOPMENT_TEAM = 53U9K2SP49;
				ENABLE_PREVIEWS = YES;
				INFOPLIST_FILE = "Set Game/Info.plist";
				IPHONEOS_DEPLOYMENT_TARGET = 14.0;
				LD_RUNPATH_SEARCH_PATHS = (
					"$(inherited)",
					"@executable_path/Frameworks",
				);
				PRODUCT_BUNDLE_IDENTIFIER = "edu.cornell.zx252.Set-Game";
				PRODUCT_NAME = "$(TARGET_NAME)";
				SWIFT_VERSION = 5.0;
				TARGETED_DEVICE_FAMILY = "1,2";
			};
			name = Debug;
		};
		383D0C522643A5430015B6A3 /* Release */ = {
			isa = XCBuildConfiguration;
			buildSettings = {
				ASSETCATALOG_COMPILER_APPICON_NAME = AppIcon;
				ASSETCATALOG_COMPILER_GLOBAL_ACCENT_COLOR_NAME = AccentColor;
				CODE_SIGN_STYLE = Automatic;
				DEVELOPMENT_ASSET_PATHS = "\"Set Game/Preview Content\"";
				DEVELOPMENT_TEAM = 53U9K2SP49;
				ENABLE_PREVIEWS = YES;
				INFOPLIST_FILE = "Set Game/Info.plist";
				IPHONEOS_DEPLOYMENT_TARGET = 14.0;
				LD_RUNPATH_SEARCH_PATHS = (
					"$(inherited)",
					"@executable_path/Frameworks",
				);
				PRODUCT_BUNDLE_IDENTIFIER = "edu.cornell.zx252.Set-Game";
				PRODUCT_NAME = "$(TARGET_NAME)";
				SWIFT_VERSION = 5.0;
				TARGETED_DEVICE_FAMILY = "1,2";
			};
			name = Release;
		};
/* End XCBuildConfiguration section */

/* Begin XCConfigurationList section */
		383D0C3C2643A5400015B6A3 /* Build configuration list for PBXProject "Set Game" */ = {
			isa = XCConfigurationList;
			buildConfigurations = (
				383D0C4E2643A5430015B6A3 /* Debug */,
				383D0C4F2643A5430015B6A3 /* Release */,
			);
			defaultConfigurationIsVisible = 0;
			defaultConfigurationName = Release;
		};
		383D0C502643A5430015B6A3 /* Build configuration list for PBXNativeTarget "Set Game" */ = {
			isa = XCConfigurationList;
			buildConfigurations = (
				383D0C512643A5430015B6A3 /* Debug */,
				383D0C522643A5430015B6A3 /* Release */,
			);
			defaultConfigurationIsVisible = 0;
			defaultConfigurationName = Release;
		};
/* End XCConfigurationList section */
	};
	rootObject = 383D0C392643A5400015B6A3 /* Project object */;
}
